// !$*UTF8*$!
{
	archiveVersion = 1;
	classes = {
	};
	objectVersion = 55;
	objects = {

/* Begin PBXBuildFile section */
		950392A228A7B77A00387F25 /* Logger.swift in Sources */ = {isa = PBXBuildFile; fileRef = 950392A128A7B77A00387F25 /* Logger.swift */; };
		950392F528A9229100387F25 /* BoardGamePresenter.swift in Sources */ = {isa = PBXBuildFile; fileRef = 950392F428A9229100387F25 /* BoardGamePresenter.swift */; };
		950392F928A929BD00387F25 /* MainMenuPresenter.swift in Sources */ = {isa = PBXBuildFile; fileRef = 950392F828A929BD00387F25 /* MainMenuPresenter.swift */; };
		950392FB28A92A6D00387F25 /* SettingsPresenter.swift in Sources */ = {isa = PBXBuildFile; fileRef = 950392FA28A92A6D00387F25 /* SettingsPresenter.swift */; };
		953893AC285DCC0A007E0447 /* Card.swift in Sources */ = {isa = PBXBuildFile; fileRef = 953893AB285DCC0A007E0447 /* Card.swift */; };
		953893AE285DD594007E0447 /* Shapes.swift in Sources */ = {isa = PBXBuildFile; fileRef = 953893AD285DD594007E0447 /* Shapes.swift */; };
		953893B0285DD6C9007E0447 /* Cards.swift in Sources */ = {isa = PBXBuildFile; fileRef = 953893AF285DD6C9007E0447 /* Cards.swift */; };
		953893B2285DD8FE007E0447 /* Game.swift in Sources */ = {isa = PBXBuildFile; fileRef = 953893B1285DD8FE007E0447 /* Game.swift */; };
		953893B7285DE173007E0447 /* CardViewFactory.swift in Sources */ = {isa = PBXBuildFile; fileRef = 953893B6285DE173007E0447 /* CardViewFactory.swift */; };
		955EDD312864953D00AF670F /* SideMenuViewController.swift in Sources */ = {isa = PBXBuildFile; fileRef = 955EDD302864953D00AF670F /* SideMenuViewController.swift */; };
		955EDD332864969B00AF670F /* BoardGameViewController.swift in Sources */ = {isa = PBXBuildFile; fileRef = 955EDD322864969B00AF670F /* BoardGameViewController.swift */; };
		95692C7A285DB06A005C780A /* AppDelegate.swift in Sources */ = {isa = PBXBuildFile; fileRef = 95692C79285DB06A005C780A /* AppDelegate.swift */; };
		95692C7C285DB06A005C780A /* SceneDelegate.swift in Sources */ = {isa = PBXBuildFile; fileRef = 95692C7B285DB06A005C780A /* SceneDelegate.swift */; };
		95692C7E285DB06A005C780A /* MainMenuViewController.swift in Sources */ = {isa = PBXBuildFile; fileRef = 95692C7D285DB06A005C780A /* MainMenuViewController.swift */; };
		95692C81285DB06A005C780A /* Main.storyboard in Resources */ = {isa = PBXBuildFile; fileRef = 95692C7F285DB06A005C780A /* Main.storyboard */; };
		95692C83285DB06C005C780A /* Assets.xcassets in Resources */ = {isa = PBXBuildFile; fileRef = 95692C82285DB06C005C780A /* Assets.xcassets */; };
		95692C86285DB06C005C780A /* LaunchScreen.storyboard in Resources */ = {isa = PBXBuildFile; fileRef = 95692C84285DB06C005C780A /* LaunchScreen.storyboard */; };
		95692C91285DB4A4005C780A /* SettingsViewController.swift in Sources */ = {isa = PBXBuildFile; fileRef = 95692C90285DB4A4005C780A /* SettingsViewController.swift */; };
		95CB851F28870B0300139B5E /* Settings.swift in Sources */ = {isa = PBXBuildFile; fileRef = 95CB851E28870B0300139B5E /* Settings.swift */; };
		95CB85212888021A00139B5E /* CoreDataStack.swift in Sources */ = {isa = PBXBuildFile; fileRef = 95CB85202888021A00139B5E /* CoreDataStack.swift */; };
		95CB85242888023C00139B5E /* Cards.xcdatamodeld in Sources */ = {isa = PBXBuildFile; fileRef = 95CB85222888023C00139B5E /* Cards.xcdatamodeld */; };
		95CB8529288813EA00139B5E /* CardData+CoreDataClass.swift in Sources */ = {isa = PBXBuildFile; fileRef = 95CB8525288813EA00139B5E /* CardData+CoreDataClass.swift */; };
		95CB852A288813EA00139B5E /* CardData+CoreDataProperties.swift in Sources */ = {isa = PBXBuildFile; fileRef = 95CB8526288813EA00139B5E /* CardData+CoreDataProperties.swift */; };
		95CB852B288813EA00139B5E /* GameData+CoreDataClass.swift in Sources */ = {isa = PBXBuildFile; fileRef = 95CB8527288813EA00139B5E /* GameData+CoreDataClass.swift */; };
		95CB852C288813EA00139B5E /* GameData+CoreDataProperties.swift in Sources */ = {isa = PBXBuildFile; fileRef = 95CB8528288813EA00139B5E /* GameData+CoreDataProperties.swift */; };
/* End PBXBuildFile section */

/* Begin PBXFileReference section */
		950392A128A7B77A00387F25 /* Logger.swift */ = {isa = PBXFileReference; lastKnownFileType = sourcecode.swift; path = Logger.swift; sourceTree = "<group>"; };
		950392F428A9229100387F25 /* BoardGamePresenter.swift */ = {isa = PBXFileReference; lastKnownFileType = sourcecode.swift; path = BoardGamePresenter.swift; sourceTree = "<group>"; };
		950392F828A929BD00387F25 /* MainMenuPresenter.swift */ = {isa = PBXFileReference; lastKnownFileType = sourcecode.swift; path = MainMenuPresenter.swift; sourceTree = "<group>"; };
		950392FA28A92A6D00387F25 /* SettingsPresenter.swift */ = {isa = PBXFileReference; lastKnownFileType = sourcecode.swift; path = SettingsPresenter.swift; sourceTree = "<group>"; };
		953893AB285DCC0A007E0447 /* Card.swift */ = {isa = PBXFileReference; lastKnownFileType = sourcecode.swift; path = Card.swift; sourceTree = "<group>"; };
		953893AD285DD594007E0447 /* Shapes.swift */ = {isa = PBXFileReference; lastKnownFileType = sourcecode.swift; path = Shapes.swift; sourceTree = "<group>"; };
		953893AF285DD6C9007E0447 /* Cards.swift */ = {isa = PBXFileReference; lastKnownFileType = sourcecode.swift; path = Cards.swift; sourceTree = "<group>"; };
		953893B1285DD8FE007E0447 /* Game.swift */ = {isa = PBXFileReference; lastKnownFileType = sourcecode.swift; path = Game.swift; sourceTree = "<group>"; };
		953893B6285DE173007E0447 /* CardViewFactory.swift */ = {isa = PBXFileReference; lastKnownFileType = sourcecode.swift; path = CardViewFactory.swift; sourceTree = "<group>"; };
		955EDD302864953D00AF670F /* SideMenuViewController.swift */ = {isa = PBXFileReference; lastKnownFileType = sourcecode.swift; path = SideMenuViewController.swift; sourceTree = "<group>"; };
		955EDD322864969B00AF670F /* BoardGameViewController.swift */ = {isa = PBXFileReference; lastKnownFileType = sourcecode.swift; path = BoardGameViewController.swift; sourceTree = "<group>"; };
		95692C76285DB06A005C780A /* Cards.app */ = {isa = PBXFileReference; explicitFileType = wrapper.application; includeInIndex = 0; path = Cards.app; sourceTree = BUILT_PRODUCTS_DIR; };
		95692C79285DB06A005C780A /* AppDelegate.swift */ = {isa = PBXFileReference; lastKnownFileType = sourcecode.swift; path = AppDelegate.swift; sourceTree = "<group>"; };
		95692C7B285DB06A005C780A /* SceneDelegate.swift */ = {isa = PBXFileReference; lastKnownFileType = sourcecode.swift; path = SceneDelegate.swift; sourceTree = "<group>"; };
		95692C7D285DB06A005C780A /* MainMenuViewController.swift */ = {isa = PBXFileReference; lastKnownFileType = sourcecode.swift; path = MainMenuViewController.swift; sourceTree = "<group>"; };
		95692C80285DB06A005C780A /* Base */ = {isa = PBXFileReference; lastKnownFileType = file.storyboard; name = Base; path = Base.lproj/Main.storyboard; sourceTree = "<group>"; };
		95692C82285DB06C005C780A /* Assets.xcassets */ = {isa = PBXFileReference; lastKnownFileType = folder.assetcatalog; path = Assets.xcassets; sourceTree = "<group>"; };
		95692C85285DB06C005C780A /* Base */ = {isa = PBXFileReference; lastKnownFileType = file.storyboard; name = Base; path = Base.lproj/LaunchScreen.storyboard; sourceTree = "<group>"; };
		95692C87285DB06C005C780A /* Info.plist */ = {isa = PBXFileReference; lastKnownFileType = text.plist.xml; path = Info.plist; sourceTree = "<group>"; };
		95692C90285DB4A4005C780A /* SettingsViewController.swift */ = {isa = PBXFileReference; lastKnownFileType = sourcecode.swift; path = SettingsViewController.swift; sourceTree = "<group>"; };
		95CB851E28870B0300139B5E /* Settings.swift */ = {isa = PBXFileReference; lastKnownFileType = sourcecode.swift; path = Settings.swift; sourceTree = "<group>"; };
		95CB85202888021A00139B5E /* CoreDataStack.swift */ = {isa = PBXFileReference; lastKnownFileType = sourcecode.swift; path = CoreDataStack.swift; sourceTree = "<group>"; };
		95CB85232888023C00139B5E /* Cards.xcdatamodel */ = {isa = PBXFileReference; lastKnownFileType = wrapper.xcdatamodel; path = Cards.xcdatamodel; sourceTree = "<group>"; };
		95CB8525288813EA00139B5E /* CardData+CoreDataClass.swift */ = {isa = PBXFileReference; lastKnownFileType = sourcecode.swift; path = "CardData+CoreDataClass.swift"; sourceTree = "<group>"; };
		95CB8526288813EA00139B5E /* CardData+CoreDataProperties.swift */ = {isa = PBXFileReference; lastKnownFileType = sourcecode.swift; path = "CardData+CoreDataProperties.swift"; sourceTree = "<group>"; };
		95CB8527288813EA00139B5E /* GameData+CoreDataClass.swift */ = {isa = PBXFileReference; lastKnownFileType = sourcecode.swift; path = "GameData+CoreDataClass.swift"; sourceTree = "<group>"; };
		95CB8528288813EA00139B5E /* GameData+CoreDataProperties.swift */ = {isa = PBXFileReference; lastKnownFileType = sourcecode.swift; path = "GameData+CoreDataProperties.swift"; sourceTree = "<group>"; };
/* End PBXFileReference section */

/* Begin PBXFrameworksBuildPhase section */
		95692C73285DB06A005C780A /* Frameworks */ = {
			isa = PBXFrameworksBuildPhase;
			buildActionMask = 2147483647;
			files = (
			);
			runOnlyForDeploymentPostprocessing = 0;
		};
/* End PBXFrameworksBuildPhase section */

/* Begin PBXGroup section */
		950392EF28A91D8200387F25 /* Presenters */ = {
			isa = PBXGroup;
			children = (
				950392F828A929BD00387F25 /* MainMenuPresenter.swift */,
				950392FA28A92A6D00387F25 /* SettingsPresenter.swift */,
				950392F428A9229100387F25 /* BoardGamePresenter.swift */,
			);
			path = Presenters;
			sourceTree = "<group>";
		};
		953893B5285DE161007E0447 /* Helpers */ = {
			isa = PBXGroup;
			children = (
				953893B6285DE173007E0447 /* CardViewFactory.swift */,
				950392A128A7B77A00387F25 /* Logger.swift */,
			);
			path = Helpers;
			sourceTree = "<group>";
		};
		95542E892887051E00B143DB /* Data */ = {
			isa = PBXGroup;
			children = (
				95CB8525288813EA00139B5E /* CardData+CoreDataClass.swift */,
				95CB8526288813EA00139B5E /* CardData+CoreDataProperties.swift */,
				95CB8527288813EA00139B5E /* GameData+CoreDataClass.swift */,
				95CB8528288813EA00139B5E /* GameData+CoreDataProperties.swift */,
				95CB85202888021A00139B5E /* CoreDataStack.swift */,
				95CB85222888023C00139B5E /* Cards.xcdatamodeld */,
			);
			path = Data;
			sourceTree = "<group>";
		};
		95692C6D285DB06A005C780A = {
			isa = PBXGroup;
			children = (
				95692C78285DB06A005C780A /* Cards */,
				95692C77285DB06A005C780A /* Products */,
			);
			sourceTree = "<group>";
		};
		95692C77285DB06A005C780A /* Products */ = {
			isa = PBXGroup;
			children = (
				95692C76285DB06A005C780A /* Cards.app */,
			);
			name = Products;
			sourceTree = "<group>";
		};
		95692C78285DB06A005C780A /* Cards */ = {
			isa = PBXGroup;
			children = (
				95542E892887051E00B143DB /* Data */,
				953893B5285DE161007E0447 /* Helpers */,
				95692C79285DB06A005C780A /* AppDelegate.swift */,
				95692C7B285DB06A005C780A /* SceneDelegate.swift */,
				95692C94285DB928005C780A /* Models */,
				95692C92285DB687005C780A /* Views */,
				950392EF28A91D8200387F25 /* Presenters */,
				95692C82285DB06C005C780A /* Assets.xcassets */,
				95692C87285DB06C005C780A /* Info.plist */,
			);
			path = Cards;
			sourceTree = "<group>";
		};
		95692C92285DB687005C780A /* Views */ = {
			isa = PBXGroup;
			children = (
				95692C93285DB68E005C780A /* Storyboards */,
				953893AD285DD594007E0447 /* Shapes.swift */,
				953893AF285DD6C9007E0447 /* Cards.swift */,
				955EDD302864953D00AF670F /* SideMenuViewController.swift */,
				95692C7D285DB06A005C780A /* MainMenuViewController.swift */,
				95692C90285DB4A4005C780A /* SettingsViewController.swift */,
				955EDD322864969B00AF670F /* BoardGameViewController.swift */,
			);
			path = Views;
			sourceTree = "<group>";
		};
		95692C93285DB68E005C780A /* Storyboards */ = {
			isa = PBXGroup;
			children = (
				95692C84285DB06C005C780A /* LaunchScreen.storyboard */,
				95692C7F285DB06A005C780A /* Main.storyboard */,
			);
			path = Storyboards;
			sourceTree = "<group>";
		};
		95692C94285DB928005C780A /* Models */ = {
			isa = PBXGroup;
			children = (
				953893AB285DCC0A007E0447 /* Card.swift */,
				953893B1285DD8FE007E0447 /* Game.swift */,
				95CB851E28870B0300139B5E /* Settings.swift */,
			);
			path = Models;
			sourceTree = "<group>";
		};
/* End PBXGroup section */

/* Begin PBXNativeTarget section */
		95692C75285DB06A005C780A /* Cards */ = {
			isa = PBXNativeTarget;
			buildConfigurationList = 95692C8A285DB06C005C780A /* Build configuration list for PBXNativeTarget "Cards" */;
			buildPhases = (
				95692C72285DB06A005C780A /* Sources */,
				95692C73285DB06A005C780A /* Frameworks */,
				95692C74285DB06A005C780A /* Resources */,
			);
			buildRules = (
			);
			dependencies = (
			);
			name = Cards;
			productName = Cards;
			productReference = 95692C76285DB06A005C780A /* Cards.app */;
			productType = "com.apple.product-type.application";
		};
/* End PBXNativeTarget section */

/* Begin PBXProject section */
		95692C6E285DB06A005C780A /* Project object */ = {
			isa = PBXProject;
			attributes = {
				BuildIndependentTargetsInParallel = 1;
				LastSwiftUpdateCheck = 1340;
				LastUpgradeCheck = 1340;
				TargetAttributes = {
					95692C75285DB06A005C780A = {
						CreatedOnToolsVersion = 13.4.1;
					};
				};
			};
			buildConfigurationList = 95692C71285DB06A005C780A /* Build configuration list for PBXProject "Cards" */;
			compatibilityVersion = "Xcode 13.0";
			developmentRegion = en;
			hasScannedForEncodings = 0;
			knownRegions = (
				en,
				Base,
			);
			mainGroup = 95692C6D285DB06A005C780A;
			productRefGroup = 95692C77285DB06A005C780A /* Products */;
			projectDirPath = "";
			projectRoot = "";
			targets = (
				95692C75285DB06A005C780A /* Cards */,
			);
		};
/* End PBXProject section */

/* Begin PBXResourcesBuildPhase section */
		95692C74285DB06A005C780A /* Resources */ = {
			isa = PBXResourcesBuildPhase;
			buildActionMask = 2147483647;
			files = (
				95692C86285DB06C005C780A /* LaunchScreen.storyboard in Resources */,
				95692C83285DB06C005C780A /* Assets.xcassets in Resources */,
				95692C81285DB06A005C780A /* Main.storyboard in Resources */,
			);
			runOnlyForDeploymentPostprocessing = 0;
		};
/* End PBXResourcesBuildPhase section */

/* Begin PBXSourcesBuildPhase section */
		95692C72285DB06A005C780A /* Sources */ = {
			isa = PBXSourcesBuildPhase;
			buildActionMask = 2147483647;
			files = (
				953893AE285DD594007E0447 /* Shapes.swift in Sources */,
				95CB852A288813EA00139B5E /* CardData+CoreDataProperties.swift in Sources */,
				953893B7285DE173007E0447 /* CardViewFactory.swift in Sources */,
				95CB851F28870B0300139B5E /* Settings.swift in Sources */,
				953893B2285DD8FE007E0447 /* Game.swift in Sources */,
				950392F928A929BD00387F25 /* MainMenuPresenter.swift in Sources */,
				95692C7E285DB06A005C780A /* MainMenuViewController.swift in Sources */,
				950392FB28A92A6D00387F25 /* SettingsPresenter.swift in Sources */,
				955EDD312864953D00AF670F /* SideMenuViewController.swift in Sources */,
				95CB85242888023C00139B5E /* Cards.xcdatamodeld in Sources */,
				950392F528A9229100387F25 /* BoardGamePresenter.swift in Sources */,
				953893AC285DCC0A007E0447 /* Card.swift in Sources */,
				95CB85212888021A00139B5E /* CoreDataStack.swift in Sources */,
				953893B0285DD6C9007E0447 /* Cards.swift in Sources */,
				95CB852B288813EA00139B5E /* GameData+CoreDataClass.swift in Sources */,
				95CB852C288813EA00139B5E /* GameData+CoreDataProperties.swift in Sources */,
				95692C91285DB4A4005C780A /* SettingsViewController.swift in Sources */,
				95692C7A285DB06A005C780A /* AppDelegate.swift in Sources */,
				950392A228A7B77A00387F25 /* Logger.swift in Sources */,
				955EDD332864969B00AF670F /* BoardGameViewController.swift in Sources */,
				95692C7C285DB06A005C780A /* SceneDelegate.swift in Sources */,
				95CB8529288813EA00139B5E /* CardData+CoreDataClass.swift in Sources */,
			);
			runOnlyForDeploymentPostprocessing = 0;
		};
/* End PBXSourcesBuildPhase section */

/* Begin PBXVariantGroup section */
		95692C7F285DB06A005C780A /* Main.storyboard */ = {
			isa = PBXVariantGroup;
			children = (
				95692C80285DB06A005C780A /* Base */,
			);
			name = Main.storyboard;
			sourceTree = "<group>";
		};
		95692C84285DB06C005C780A /* LaunchScreen.storyboard */ = {
			isa = PBXVariantGroup;
			children = (
				95692C85285DB06C005C780A /* Base */,
			);
			name = LaunchScreen.storyboard;
			sourceTree = "<group>";
		};
/* End PBXVariantGroup section */

/* Begin XCBuildConfiguration section */
		95692C88285DB06C005C780A /* Debug */ = {
			isa = XCBuildConfiguration;
			buildSettings = {
				ALWAYS_SEARCH_USER_PATHS = NO;
				CLANG_ANALYZER_NONNULL = YES;
				CLANG_ANALYZER_NUMBER_OBJECT_CONVERSION = YES_AGGRESSIVE;
				CLANG_CXX_LANGUAGE_STANDARD = "gnu++17";
				CLANG_ENABLE_MODULES = YES;
				CLANG_ENABLE_OBJC_ARC = YES;
				CLANG_ENABLE_OBJC_WEAK = YES;
				CLANG_WARN_BLOCK_CAPTURE_AUTORELEASING = YES;
				CLANG_WARN_BOOL_CONVERSION = YES;
				CLANG_WARN_COMMA = YES;
				CLANG_WARN_CONSTANT_CONVERSION = YES;
				CLANG_WARN_DEPRECATED_OBJC_IMPLEMENTATIONS = YES;
				CLANG_WARN_DIRECT_OBJC_ISA_USAGE = YES_ERROR;
				CLANG_WARN_DOCUMENTATION_COMMENTS = YES;
				CLANG_WARN_EMPTY_BODY = YES;
				CLANG_WARN_ENUM_CONVERSION = YES;
				CLANG_WARN_INFINITE_RECURSION = YES;
				CLANG_WARN_INT_CONVERSION = YES;
				CLANG_WARN_NON_LITERAL_NULL_CONVERSION = YES;
				CLANG_WARN_OBJC_IMPLICIT_RETAIN_SELF = YES;
				CLANG_WARN_OBJC_LITERAL_CONVERSION = YES;
				CLANG_WARN_OBJC_ROOT_CLASS = YES_ERROR;
				CLANG_WARN_QUOTED_INCLUDE_IN_FRAMEWORK_HEADER = YES;
				CLANG_WARN_RANGE_LOOP_ANALYSIS = YES;
				CLANG_WARN_STRICT_PROTOTYPES = YES;
				CLANG_WARN_SUSPICIOUS_MOVE = YES;
				CLANG_WARN_UNGUARDED_AVAILABILITY = YES_AGGRESSIVE;
				CLANG_WARN_UNREACHABLE_CODE = YES;
				CLANG_WARN__DUPLICATE_METHOD_MATCH = YES;
				COPY_PHASE_STRIP = NO;
				DEBUG_INFORMATION_FORMAT = dwarf;
				ENABLE_STRICT_OBJC_MSGSEND = YES;
				ENABLE_TESTABILITY = YES;
				GCC_C_LANGUAGE_STANDARD = gnu11;
				GCC_DYNAMIC_NO_PIC = NO;
				GCC_NO_COMMON_BLOCKS = YES;
				GCC_OPTIMIZATION_LEVEL = 0;
				GCC_PREPROCESSOR_DEFINITIONS = (
					"DEBUG=1",
					"$(inherited)",
				);
				GCC_WARN_64_TO_32_BIT_CONVERSION = YES;
				GCC_WARN_ABOUT_RETURN_TYPE = YES_ERROR;
				GCC_WARN_UNDECLARED_SELECTOR = YES;
				GCC_WARN_UNINITIALIZED_AUTOS = YES_AGGRESSIVE;
				GCC_WARN_UNUSED_FUNCTION = YES;
				GCC_WARN_UNUSED_VARIABLE = YES;
				IPHONEOS_DEPLOYMENT_TARGET = 15.5;
				MTL_ENABLE_DEBUG_INFO = INCLUDE_SOURCE;
				MTL_FAST_MATH = YES;
				ONLY_ACTIVE_ARCH = YES;
				SDKROOT = iphoneos;
				SWIFT_ACTIVE_COMPILATION_CONDITIONS = DEBUG;
				SWIFT_OPTIMIZATION_LEVEL = "-Onone";
			};
			name = Debug;
		};
		95692C89285DB06C005C780A /* Release */ = {
			isa = XCBuildConfiguration;
			buildSettings = {
				ALWAYS_SEARCH_USER_PATHS = NO;
				CLANG_ANALYZER_NONNULL = YES;
				CLANG_ANALYZER_NUMBER_OBJECT_CONVERSION = YES_AGGRESSIVE;
				CLANG_CXX_LANGUAGE_STANDARD = "gnu++17";
				CLANG_ENABLE_MODULES = YES;
				CLANG_ENABLE_OBJC_ARC = YES;
				CLANG_ENABLE_OBJC_WEAK = YES;
				CLANG_WARN_BLOCK_CAPTURE_AUTORELEASING = YES;
				CLANG_WARN_BOOL_CONVERSION = YES;
				CLANG_WARN_COMMA = YES;
				CLANG_WARN_CONSTANT_CONVERSION = YES;
				CLANG_WARN_DEPRECATED_OBJC_IMPLEMENTATIONS = YES;
				CLANG_WARN_DIRECT_OBJC_ISA_USAGE = YES_ERROR;
				CLANG_WARN_DOCUMENTATION_COMMENTS = YES;
				CLANG_WARN_EMPTY_BODY = YES;
				CLANG_WARN_ENUM_CONVERSION = YES;
				CLANG_WARN_INFINITE_RECURSION = YES;
				CLANG_WARN_INT_CONVERSION = YES;
				CLANG_WARN_NON_LITERAL_NULL_CONVERSION = YES;
				CLANG_WARN_OBJC_IMPLICIT_RETAIN_SELF = YES;
				CLANG_WARN_OBJC_LITERAL_CONVERSION = YES;
				CLANG_WARN_OBJC_ROOT_CLASS = YES_ERROR;
				CLANG_WARN_QUOTED_INCLUDE_IN_FRAMEWORK_HEADER = YES;
				CLANG_WARN_RANGE_LOOP_ANALYSIS = YES;
				CLANG_WARN_STRICT_PROTOTYPES = YES;
				CLANG_WARN_SUSPICIOUS_MOVE = YES;
				CLANG_WARN_UNGUARDED_AVAILABILITY = YES_AGGRESSIVE;
				CLANG_WARN_UNREACHABLE_CODE = YES;
				CLANG_WARN__DUPLICATE_METHOD_MATCH = YES;
				COPY_PHASE_STRIP = NO;
				DEBUG_INFORMATION_FORMAT = "dwarf-with-dsym";
				ENABLE_NS_ASSERTIONS = NO;
				ENABLE_STRICT_OBJC_MSGSEND = YES;
				GCC_C_LANGUAGE_STANDARD = gnu11;
				GCC_NO_COMMON_BLOCKS = YES;
				GCC_WARN_64_TO_32_BIT_CONVERSION = YES;
				GCC_WARN_ABOUT_RETURN_TYPE = YES_ERROR;
				GCC_WARN_UNDECLARED_SELECTOR = YES;
				GCC_WARN_UNINITIALIZED_AUTOS = YES_AGGRESSIVE;
				GCC_WARN_UNUSED_FUNCTION = YES;
				GCC_WARN_UNUSED_VARIABLE = YES;
				IPHONEOS_DEPLOYMENT_TARGET = 15.5;
				MTL_ENABLE_DEBUG_INFO = NO;
				MTL_FAST_MATH = YES;
				SDKROOT = iphoneos;
				SWIFT_COMPILATION_MODE = wholemodule;
				SWIFT_OPTIMIZATION_LEVEL = "-O";
				VALIDATE_PRODUCT = YES;
			};
			name = Release;
		};
		95692C8B285DB06C005C780A /* Debug */ = {
			isa = XCBuildConfiguration;
			buildSettings = {
				ASSETCATALOG_COMPILER_APPICON_NAME = AppIcon;
				ASSETCATALOG_COMPILER_GLOBAL_ACCENT_COLOR_NAME = AccentColor;
				CODE_SIGN_STYLE = Automatic;
				CURRENT_PROJECT_VERSION = 1;
				DEVELOPMENT_TEAM = T7J4HHBBHQ;
				GENERATE_INFOPLIST_FILE = YES;
				INFOPLIST_FILE = Cards/Info.plist;
				INFOPLIST_KEY_UIApplicationSupportsIndirectInputEvents = YES;
				INFOPLIST_KEY_UILaunchStoryboardName = LaunchScreen;
				INFOPLIST_KEY_UIMainStoryboardFile = Main;
				INFOPLIST_KEY_UISupportedInterfaceOrientations_iPad = "UIInterfaceOrientationPortrait UIInterfaceOrientationPortraitUpsideDown UIInterfaceOrientationLandscapeLeft UIInterfaceOrientationLandscapeRight";
				INFOPLIST_KEY_UISupportedInterfaceOrientations_iPhone = "UIInterfaceOrientationPortrait UIInterfaceOrientationLandscapeLeft UIInterfaceOrientationLandscapeRight";
				LD_RUNPATH_SEARCH_PATHS = (
					"$(inherited)",
					"@executable_path/Frameworks",
				);
				MARKETING_VERSION = 2.0;
				PRODUCT_BUNDLE_IDENTIFIER = com.redorc.Cards;
				PRODUCT_NAME = "$(TARGET_NAME)";
				SWIFT_EMIT_LOC_STRINGS = YES;
				SWIFT_VERSION = 5.0;
				TARGETED_DEVICE_FAMILY = "1,2";
			};
			name = Debug;
		};
		95692C8C285DB06C005C780A /* Release */ = {
			isa = XCBuildConfiguration;
			buildSettings = {
				ASSETCATALOG_COMPILER_APPICON_NAME = AppIcon;
				ASSETCATALOG_COMPILER_GLOBAL_ACCENT_COLOR_NAME = AccentColor;
				CODE_SIGN_STYLE = Automatic;
				CURRENT_PROJECT_VERSION = 1;
				DEVELOPMENT_TEAM = T7J4HHBBHQ;
				GENERATE_INFOPLIST_FILE = YES;
				INFOPLIST_FILE = Cards/Info.plist;
				INFOPLIST_KEY_UIApplicationSupportsIndirectInputEvents = YES;
				INFOPLIST_KEY_UILaunchStoryboardName = LaunchScreen;
				INFOPLIST_KEY_UIMainStoryboardFile = Main;
				INFOPLIST_KEY_UISupportedInterfaceOrientations_iPad = "UIInterfaceOrientationPortrait UIInterfaceOrientationPortraitUpsideDown UIInterfaceOrientationLandscapeLeft UIInterfaceOrientationLandscapeRight";
				INFOPLIST_KEY_UISupportedInterfaceOrientations_iPhone = "UIInterfaceOrientationPortrait UIInterfaceOrientationLandscapeLeft UIInterfaceOrientationLandscapeRight";
				LD_RUNPATH_SEARCH_PATHS = (
					"$(inherited)",
					"@executable_path/Frameworks",
				);
				MARKETING_VERSION = 2.0;
				PRODUCT_BUNDLE_IDENTIFIER = com.redorc.Cards;
				PRODUCT_NAME = "$(TARGET_NAME)";
				SWIFT_EMIT_LOC_STRINGS = YES;
				SWIFT_VERSION = 5.0;
				TARGETED_DEVICE_FAMILY = "1,2";
			};
			name = Release;
		};
/* End XCBuildConfiguration section */

/* Begin XCConfigurationList section */
		95692C71285DB06A005C780A /* Build configuration list for PBXProject "Cards" */ = {
			isa = XCConfigurationList;
			buildConfigurations = (
				95692C88285DB06C005C780A /* Debug */,
				95692C89285DB06C005C780A /* Release */,
			);
			defaultConfigurationIsVisible = 0;
			defaultConfigurationName = Release;
		};
		95692C8A285DB06C005C780A /* Build configuration list for PBXNativeTarget "Cards" */ = {
			isa = XCConfigurationList;
			buildConfigurations = (
				95692C8B285DB06C005C780A /* Debug */,
				95692C8C285DB06C005C780A /* Release */,
			);
			defaultConfigurationIsVisible = 0;
			defaultConfigurationName = Release;
		};
/* End XCConfigurationList section */

/* Begin XCVersionGroup section */
		95CB85222888023C00139B5E /* Cards.xcdatamodeld */ = {
			isa = XCVersionGroup;
			children = (
				95CB85232888023C00139B5E /* Cards.xcdatamodel */,
			);
			currentVersion = 95CB85232888023C00139B5E /* Cards.xcdatamodel */;
			path = Cards.xcdatamodeld;
			sourceTree = "<group>";
			versionGroupType = wrapper.xcdatamodel;
		};
/* End XCVersionGroup section */
	};
	rootObject = 95692C6E285DB06A005C780A /* Project object */;
}
